run_id: rem-20260720-134653-github-gates-prep
branch: audit/production-readiness
head: c69d1f9c18844c393c26291db6c67628d82167f1
wave: GITHUB-GATES-PREP
step: FINAL_VERIFICATION
status: released
lab_root: /storage/mesa-lab/fast-zero-closure
decision: DEC-REM-012
pid: 0
acquired_at: 2026-07-20T13:46:53+03:00
released_at: 2026-07-20T14:05:00+03:00
previous_run_id: audit-20260720-120000-independent-master-resume
